// !$*UTF8*$!
{
	archiveVersion = 1;
	classes = {
	};
	objectVersion = 46;
	objects = {

/* Begin PBXBuildFile section */
		655AC8FE1416579200143208 /* SymbolDB.cpp in Sources */ = {isa = PBXBuildFile; fileRef = 655AC8FD1416579200143208 /* SymbolDB.cpp */; };
		655AC903141657BE00143208 /* SymbolDB.h in Headers */ = {isa = PBXBuildFile; fileRef = 655AC902141657BE00143208 /* SymbolDB.h */; };
		655FC7BC1414609200AE5A9F /* AbstractSyntax.h in Headers */ = {isa = PBXBuildFile; fileRef = 655FC7AE1414609200AE5A9F /* AbstractSyntax.h */; };
		655FC7BD1414609200AE5A9F /* AdvancedHTMLPrintTour.h in Headers */ = {isa = PBXBuildFile; fileRef = 655FC7AF1414609200AE5A9F /* AdvancedHTMLPrintTour.h */; };
		655FC7BE1414609200AE5A9F /* Astral.h in Headers */ = {isa = PBXBuildFile; fileRef = 655FC7B01414609200AE5A9F /* Astral.h */; };
		655FC7BF1414609200AE5A9F /* AstralExport.h in Headers */ = {isa = PBXBuildFile; fileRef = 655FC7B11414609200AE5A9F /* AstralExport.h */; };
		655FC7C01414609200AE5A9F /* CompilationUnit.h in Headers */ = {isa = PBXBuildFile; fileRef = 655FC7B21414609200AE5A9F /* CompilationUnit.h */; };
		655FC7C11414609200AE5A9F /* astral.h in Headers */ = {isa = PBXBuildFile; fileRef = 655FC7B31414609200AE5A9F /* astral.h */; };
		655FC7C21414609200AE5A9F /* AdvancedHTMLPrintTour.cpp in Sources */ = {isa = PBXBuildFile; fileRef = 655FC7B61414609200AE5A9F /* AdvancedHTMLPrintTour.cpp */; };
		655FC7C31414609200AE5A9F /* Astral.cpp in Sources */ = {isa = PBXBuildFile; fileRef = 655FC7B71414609200AE5A9F /* Astral.cpp */; };
		655FC7C41414609200AE5A9F /* AstralExport.cpp in Sources */ = {isa = PBXBuildFile; fileRef = 655FC7B81414609200AE5A9F /* AstralExport.cpp */; };
		655FC7C51414609200AE5A9F /* CompilationUnit.cpp in Sources */ = {isa = PBXBuildFile; fileRef = 655FC7B91414609200AE5A9F /* CompilationUnit.cpp */; };
		655FC7D4141460B900AE5A9F /* libastral_ast.dylib in Frameworks */ = {isa = PBXBuildFile; fileRef = 655FC7C7141460B900AE5A9F /* libastral_ast.dylib */; };
		655FC7D5141460B900AE5A9F /* libastral_tokenizer.dylib in Frameworks */ = {isa = PBXBuildFile; fileRef = 655FC7C8141460B900AE5A9F /* libastral_tokenizer.dylib */; };
		655FC7D6141460B900AE5A9F /* libopenxds_adt_std.dylib in Frameworks */ = {isa = PBXBuildFile; fileRef = 655FC7C9141460B900AE5A9F /* libopenxds_adt_std.dylib */; };
		655FC7D7141460B900AE5A9F /* libopenxds_adt.dylib in Frameworks */ = {isa = PBXBuildFile; fileRef = 655FC7CA141460B900AE5A9F /* libopenxds_adt.dylib */; };
		655FC7D8141460B900AE5A9F /* libopenxds_base.dylib in Frameworks */ = {isa = PBXBuildFile; fileRef = 655FC7CB141460B900AE5A9F /* libopenxds_base.dylib */; };
		655FC7D9141460B900AE5A9F /* libopenxds_core_adt_std.dylib in Frameworks */ = {isa = PBXBuildFile; fileRef = 655FC7CC141460B900AE5A9F /* libopenxds_core_adt_std.dylib */; };
		655FC7DA141460B900AE5A9F /* libopenxds_core_adt.dylib in Frameworks */ = {isa = PBXBuildFile; fileRef = 655FC7CD141460B900AE5A9F /* libopenxds_core_adt.dylib */; };
		655FC7DB141460B900AE5A9F /* libopenxds_core_base.dylib in Frameworks */ = {isa = PBXBuildFile; fileRef = 655FC7CE141460B900AE5A9F /* libopenxds_core_base.dylib */; };
		655FC7DC141460B900AE5A9F /* libopenxds_core_io.dylib in Frameworks */ = {isa = PBXBuildFile; fileRef = 655FC7CF141460B900AE5A9F /* libopenxds_core_io.dylib */; };
		655FC7DD141460B900AE5A9F /* libopenxds_core_threads.dylib in Frameworks */ = {isa = PBXBuildFile; fileRef = 655FC7D0141460B900AE5A9F /* libopenxds_core_threads.dylib */; };
		655FC7DE141460B900AE5A9F /* libopenxds_io.dylib in Frameworks */ = {isa = PBXBuildFile; fileRef = 655FC7D1141460B900AE5A9F /* libopenxds_io.dylib */; };
		655FC7E0141460B900AE5A9F /* libopenxds_util.dylib in Frameworks */ = {isa = PBXBuildFile; fileRef = 655FC7D3141460B900AE5A9F /* libopenxds_util.dylib */; };
		65941B95141480EB0043B182 /* AstralFactory.h in Headers */ = {isa = PBXBuildFile; fileRef = 65941B94141480EB0043B182 /* AstralFactory.h */; };
		65941B98141480F80043B182 /* AstralFactory.cpp in Sources */ = {isa = PBXBuildFile; fileRef = 65941B97141480F80043B182 /* AstralFactory.cpp */; };
/* End PBXBuildFile section */

/* Begin PBXFileReference section */
		655AC8431415BC5300143208 /* mtx */ = {isa = PBXFileReference; lastKnownFileType = folder; path = mtx; sourceTree = "<group>"; };
		655AC8FD1416579200143208 /* SymbolDB.cpp */ = {isa = PBXFileReference; fileEncoding = 4; lastKnownFileType = sourcecode.cpp.cpp; path = SymbolDB.cpp; sourceTree = "<group>"; };
		655AC902141657BE00143208 /* SymbolDB.h */ = {isa = PBXFileReference; fileEncoding = 4; lastKnownFileType = sourcecode.c.h; path = SymbolDB.h; sourceTree = "<group>"; };
		655FC7A014145F3600AE5A9F /* libastral.dylib */ = {isa = PBXFileReference; explicitFileType = "compiled.mach-o.dylib"; includeInIndex = 0; path = libastral.dylib; sourceTree = BUILT_PRODUCTS_DIR; };
		655FC7A81414609200AE5A9F /* OpenXDS.link */ = {isa = PBXFileReference; fileEncoding = 4; lastKnownFileType = text; path = OpenXDS.link; sourceTree = "<group>"; };
		655FC7A91414609200AE5A9F /* OpenXDS_Core.link */ = {isa = PBXFileReference; fileEncoding = 4; lastKnownFileType = text; path = OpenXDS_Core.link; sourceTree = "<group>"; };
		655FC7AA1414609200AE5A9F /* libastral_ast.link */ = {isa = PBXFileReference; fileEncoding = 4; lastKnownFileType = text; path = libastral_ast.link; sourceTree = "<group>"; };
		655FC7AB1414609200AE5A9F /* libastral_tokenizer.link */ = {isa = PBXFileReference; fileEncoding = 4; lastKnownFileType = text; path = libastral_tokenizer.link; sourceTree = "<group>"; };
		655FC7AE1414609200AE5A9F /* AbstractSyntax.h */ = {isa = PBXFileReference; fileEncoding = 4; lastKnownFileType = sourcecode.c.h; path = AbstractSyntax.h; sourceTree = "<group>"; };
		655FC7AF1414609200AE5A9F /* AdvancedHTMLPrintTour.h */ = {isa = PBXFileReference; fileEncoding = 4; lastKnownFileType = sourcecode.c.h; path = AdvancedHTMLPrintTour.h; sourceTree = "<group>"; };
		655FC7B01414609200AE5A9F /* Astral.h */ = {isa = PBXFileReference; fileEncoding = 4; lastKnownFileType = sourcecode.c.h; path = Astral.h; sourceTree = "<group>"; };
		655FC7B11414609200AE5A9F /* AstralExport.h */ = {isa = PBXFileReference; fileEncoding = 4; lastKnownFileType = sourcecode.c.h; path = AstralExport.h; sourceTree = "<group>"; };
		655FC7B21414609200AE5A9F /* CompilationUnit.h */ = {isa = PBXFileReference; fileEncoding = 4; lastKnownFileType = sourcecode.c.h; path = CompilationUnit.h; sourceTree = "<group>"; };
		655FC7B31414609200AE5A9F /* astral.h */ = {isa = PBXFileReference; fileEncoding = 4; lastKnownFileType = sourcecode.c.h; path = astral.h; sourceTree = "<group>"; };
		655FC7B61414609200AE5A9F /* AdvancedHTMLPrintTour.cpp */ = {isa = PBXFileReference; fileEncoding = 4; lastKnownFileType = sourcecode.cpp.cpp; path = AdvancedHTMLPrintTour.cpp; sourceTree = "<group>"; };
		655FC7B71414609200AE5A9F /* Astral.cpp */ = {isa = PBXFileReference; fileEncoding = 4; lastKnownFileType = sourcecode.cpp.cpp; path = Astral.cpp; sourceTree = "<group>"; };
		655FC7B81414609200AE5A9F /* AstralExport.cpp */ = {isa = PBXFileReference; fileEncoding = 4; lastKnownFileType = sourcecode.cpp.cpp; path = AstralExport.cpp; sourceTree = "<group>"; };
		655FC7B91414609200AE5A9F /* CompilationUnit.cpp */ = {isa = PBXFileReference; fileEncoding = 4; lastKnownFileType = sourcecode.cpp.cpp; path = CompilationUnit.cpp; sourceTree = "<group>"; };
		655FC7C7141460B900AE5A9F /* libastral_ast.dylib */ = {isa = PBXFileReference; lastKnownFileType = "compiled.mach-o.dylib"; name = libastral_ast.dylib; path = "../../../../../../Library/Developer/Xcode/DerivedData/Astral-cghyibuacfpwrpculjufuenboasu/Build/Products/Debug/libastral_ast.dylib"; sourceTree = "<group>"; };
		655FC7C8141460B900AE5A9F /* libastral_tokenizer.dylib */ = {isa = PBXFileReference; lastKnownFileType = "compiled.mach-o.dylib"; name = libastral_tokenizer.dylib; path = "../../../../../../Library/Developer/Xcode/DerivedData/Astral-cghyibuacfpwrpculjufuenboasu/Build/Products/Debug/libastral_tokenizer.dylib"; sourceTree = "<group>"; };
		655FC7C9141460B900AE5A9F /* libopenxds_adt_std.dylib */ = {isa = PBXFileReference; lastKnownFileType = "compiled.mach-o.dylib"; name = libopenxds_adt_std.dylib; path = "../../../../../../Library/Developer/Xcode/DerivedData/Astral-cghyibuacfpwrpculjufuenboasu/Build/Products/Debug/libopenxds_adt_std.dylib"; sourceTree = "<group>"; };
		655FC7CA141460B900AE5A9F /* libopenxds_adt.dylib */ = {isa = PBXFileReference; lastKnownFileType = "compiled.mach-o.dylib"; name = libopenxds_adt.dylib; path = "../../../../../../Library/Developer/Xcode/DerivedData/Astral-cghyibuacfpwrpculjufuenboasu/Build/Products/Debug/libopenxds_adt.dylib"; sourceTree = "<group>"; };
		655FC7CB141460B900AE5A9F /* libopenxds_base.dylib */ = {isa = PBXFileReference; lastKnownFileType = "compiled.mach-o.dylib"; name = libopenxds_base.dylib; path = "../../../../../../Library/Developer/Xcode/DerivedData/Astral-cghyibuacfpwrpculjufuenboasu/Build/Products/Debug/libopenxds_base.dylib"; sourceTree = "<group>"; };
		655FC7CC141460B900AE5A9F /* libopenxds_core_adt_std.dylib */ = {isa = PBXFileReference; lastKnownFileType = "compiled.mach-o.dylib"; name = libopenxds_core_adt_std.dylib; path = "../../../../../../Library/Developer/Xcode/DerivedData/Astral-cghyibuacfpwrpculjufuenboasu/Build/Products/Debug/libopenxds_core_adt_std.dylib"; sourceTree = "<group>"; };
		655FC7CD141460B900AE5A9F /* libopenxds_core_adt.dylib */ = {isa = PBXFileReference; lastKnownFileType = "compiled.mach-o.dylib"; name = libopenxds_core_adt.dylib; path = "../../../../../../Library/Developer/Xcode/DerivedData/Astral-cghyibuacfpwrpculjufuenboasu/Build/Products/Debug/libopenxds_core_adt.dylib"; sourceTree = "<group>"; };
		655FC7CE141460B900AE5A9F /* libopenxds_core_base.dylib */ = {isa = PBXFileReference; lastKnownFileType = "compiled.mach-o.dylib"; name = libopenxds_core_base.dylib; path = "../../../../../../Library/Developer/Xcode/DerivedData/Astral-cghyibuacfpwrpculjufuenboasu/Build/Products/Debug/libopenxds_core_base.dylib"; sourceTree = "<group>"; };
		655FC7CF141460B900AE5A9F /* libopenxds_core_io.dylib */ = {isa = PBXFileReference; lastKnownFileType = "compiled.mach-o.dylib"; name = libopenxds_core_io.dylib; path = "../../../../../../Library/Developer/Xcode/DerivedData/Astral-cghyibuacfpwrpculjufuenboasu/Build/Products/Debug/libopenxds_core_io.dylib"; sourceTree = "<group>"; };
		655FC7D0141460B900AE5A9F /* libopenxds_core_threads.dylib */ = {isa = PBXFileReference; lastKnownFileType = "compiled.mach-o.dylib"; name = libopenxds_core_threads.dylib; path = "../../../../../../Library/Developer/Xcode/DerivedData/Astral-cghyibuacfpwrpculjufuenboasu/Build/Products/Debug/libopenxds_core_threads.dylib"; sourceTree = "<group>"; };
		655FC7D1141460B900AE5A9F /* libopenxds_io.dylib */ = {isa = PBXFileReference; lastKnownFileType = "compiled.mach-o.dylib"; name = libopenxds_io.dylib; path = "../../../../../../Library/Developer/Xcode/DerivedData/Astral-cghyibuacfpwrpculjufuenboasu/Build/Products/Debug/libopenxds_io.dylib"; sourceTree = "<group>"; };
		655FC7D3141460B900AE5A9F /* libopenxds_util.dylib */ = {isa = PBXFileReference; lastKnownFileType = "compiled.mach-o.dylib"; name = libopenxds_util.dylib; path = "../../../../../../Library/Developer/Xcode/DerivedData/Astral-cghyibuacfpwrpculjufuenboasu/Build/Products/Debug/libopenxds_util.dylib"; sourceTree = "<group>"; };
		65941B94141480EB0043B182 /* AstralFactory.h */ = {isa = PBXFileReference; fileEncoding = 4; lastKnownFileType = sourcecode.c.h; path = AstralFactory.h; sourceTree = "<group>"; };
		65941B97141480F80043B182 /* AstralFactory.cpp */ = {isa = PBXFileReference; fileEncoding = 4; lastKnownFileType = sourcecode.cpp.cpp; path = AstralFactory.cpp; sourceTree = "<group>"; };
/* End PBXFileReference section */

/* Begin PBXFrameworksBuildPhase section */
		655FC79D14145F3600AE5A9F /* Frameworks */ = {
			isa = PBXFrameworksBuildPhase;
			buildActionMask = 2147483647;
			files = (
				655FC7D4141460B900AE5A9F /* libastral_ast.dylib in Frameworks */,
				655FC7D5141460B900AE5A9F /* libastral_tokenizer.dylib in Frameworks */,
				655FC7D6141460B900AE5A9F /* libopenxds_adt_std.dylib in Frameworks */,
				655FC7D7141460B900AE5A9F /* libopenxds_adt.dylib in Frameworks */,
				655FC7D8141460B900AE5A9F /* libopenxds_base.dylib in Frameworks */,
				655FC7D9141460B900AE5A9F /* libopenxds_core_adt_std.dylib in Frameworks */,
				655FC7DA141460B900AE5A9F /* libopenxds_core_adt.dylib in Frameworks */,
				655FC7DB141460B900AE5A9F /* libopenxds_core_base.dylib in Frameworks */,
				655FC7DC141460B900AE5A9F /* libopenxds_core_io.dylib in Frameworks */,
				655FC7DD141460B900AE5A9F /* libopenxds_core_threads.dylib in Frameworks */,
				655FC7DE141460B900AE5A9F /* libopenxds_io.dylib in Frameworks */,
				655FC7E0141460B900AE5A9F /* libopenxds_util.dylib in Frameworks */,
			);
			runOnlyForDeploymentPostprocessing = 0;
		};
/* End PBXFrameworksBuildPhase section */

/* Begin PBXGroup section */
		655AC900141657BE00143208 /* include */ = {
			isa = PBXGroup;
			children = (
				655AC901141657BE00143208 /* astral */,
			);
			path = include;
			sourceTree = "<group>";
		};
		655AC901141657BE00143208 /* astral */ = {
			isa = PBXGroup;
			children = (
				655AC902141657BE00143208 /* SymbolDB.h */,
			);
			path = astral;
			sourceTree = "<group>";
		};
		655FC79514145F3600AE5A9F = {
			isa = PBXGroup;
			children = (
				655FC7C7141460B900AE5A9F /* libastral_ast.dylib */,
				655FC7C8141460B900AE5A9F /* libastral_tokenizer.dylib */,
				655FC7C9141460B900AE5A9F /* libopenxds_adt_std.dylib */,
				655FC7CA141460B900AE5A9F /* libopenxds_adt.dylib */,
				655FC7CB141460B900AE5A9F /* libopenxds_base.dylib */,
				655FC7CC141460B900AE5A9F /* libopenxds_core_adt_std.dylib */,
				655FC7CD141460B900AE5A9F /* libopenxds_core_adt.dylib */,
				655FC7CE141460B900AE5A9F /* libopenxds_core_base.dylib */,
				655FC7CF141460B900AE5A9F /* libopenxds_core_io.dylib */,
				655FC7D0141460B900AE5A9F /* libopenxds_core_threads.dylib */,
				655FC7D1141460B900AE5A9F /* libopenxds_io.dylib */,
				655FC7D3141460B900AE5A9F /* libopenxds_util.dylib */,
				655FC7A71414609200AE5A9F /* dep */,
				655FC7AC1414609200AE5A9F /* include */,
				655FC7B41414609200AE5A9F /* source */,
				655FC7A114145F3600AE5A9F /* Products */,
			);
			sourceTree = "<group>";
		};
		655FC7A114145F3600AE5A9F /* Products */ = {
			isa = PBXGroup;
			children = (
				655FC7A014145F3600AE5A9F /* libastral.dylib */,
			);
			name = Products;
			sourceTree = "<group>";
		};
		655FC7A71414609200AE5A9F /* dep */ = {
			isa = PBXGroup;
			children = (
				655FC7A81414609200AE5A9F /* OpenXDS.link */,
				655FC7A91414609200AE5A9F /* OpenXDS_Core.link */,
				655FC7AA1414609200AE5A9F /* libastral_ast.link */,
				655FC7AB1414609200AE5A9F /* libastral_tokenizer.link */,
			);
			path = dep;
			sourceTree = "<group>";
		};
		655FC7AC1414609200AE5A9F /* include */ = {
			isa = PBXGroup;
			children = (
				655FC7AD1414609200AE5A9F /* astral */,
				655FC7B31414609200AE5A9F /* astral.h */,
			);
			path = include;
			sourceTree = "<group>";
		};
		655FC7AD1414609200AE5A9F /* astral */ = {
			isa = PBXGroup;
			children = (
				65941B94141480EB0043B182 /* AstralFactory.h */,
				655FC7AE1414609200AE5A9F /* AbstractSyntax.h */,
				655FC7AF1414609200AE5A9F /* AdvancedHTMLPrintTour.h */,
				655FC7B01414609200AE5A9F /* Astral.h */,
				655FC7B11414609200AE5A9F /* AstralExport.h */,
				655FC7B21414609200AE5A9F /* CompilationUnit.h */,
			);
			path = astral;
			sourceTree = "<group>";
		};
		655FC7B41414609200AE5A9F /* source */ = {
			isa = PBXGroup;
			children = (
				655AC8431415BC5300143208 /* mtx */,
				655FC7B51414609200AE5A9F /* cplusplus */,
				655AC900141657BE00143208 /* include */,
			);
			path = source;
			sourceTree = "<group>";
		};
		655FC7B51414609200AE5A9F /* cplusplus */ = {
			isa = PBXGroup;
			children = (
				65941B97141480F80043B182 /* AstralFactory.cpp */,
				655FC7B61414609200AE5A9F /* AdvancedHTMLPrintTour.cpp */,
				655FC7B71414609200AE5A9F /* Astral.cpp */,
				655FC7B81414609200AE5A9F /* AstralExport.cpp */,
				655FC7B91414609200AE5A9F /* CompilationUnit.cpp */,
				655AC8FD1416579200143208 /* SymbolDB.cpp */,
			);
			path = cplusplus;
			sourceTree = "<group>";
		};
/* End PBXGroup section */

/* Begin PBXHeadersBuildPhase section */
		655FC79E14145F3600AE5A9F /* Headers */ = {
			isa = PBXHeadersBuildPhase;
			buildActionMask = 2147483647;
			files = (
				655FC7BC1414609200AE5A9F /* AbstractSyntax.h in Headers */,
				655FC7BD1414609200AE5A9F /* AdvancedHTMLPrintTour.h in Headers */,
				655FC7BE1414609200AE5A9F /* Astral.h in Headers */,
				655FC7BF1414609200AE5A9F /* AstralExport.h in Headers */,
				655FC7C01414609200AE5A9F /* CompilationUnit.h in Headers */,
				655FC7C11414609200AE5A9F /* astral.h in Headers */,
				65941B95141480EB0043B182 /* AstralFactory.h in Headers */,
				655AC903141657BE00143208 /* SymbolDB.h in Headers */,
			);
			runOnlyForDeploymentPostprocessing = 0;
		};
/* End PBXHeadersBuildPhase section */

/* Begin PBXNativeTarget section */
		655FC79F14145F3600AE5A9F /* libastral */ = {
			isa = PBXNativeTarget;
			buildConfigurationList = 655FC7A414145F3600AE5A9F /* Build configuration list for PBXNativeTarget "libastral" */;
			buildPhases = (
				655FC79C14145F3600AE5A9F /* Sources */,
				655FC79D14145F3600AE5A9F /* Frameworks */,
				655FC79E14145F3600AE5A9F /* Headers */,
			);
			buildRules = (
			);
			dependencies = (
			);
			name = libastral;
			productName = libastral;
			productReference = 655FC7A014145F3600AE5A9F /* libastral.dylib */;
			productType = "com.apple.product-type.library.dynamic";
		};
/* End PBXNativeTarget section */

/* Begin PBXProject section */
		655FC79714145F3600AE5A9F /* Project object */ = {
			isa = PBXProject;
			buildConfigurationList = 655FC79A14145F3600AE5A9F /* Build configuration list for PBXProject "libastral" */;
			compatibilityVersion = "Xcode 3.2";
			developmentRegion = English;
			hasScannedForEncodings = 0;
			knownRegions = (
				en,
			);
			mainGroup = 655FC79514145F3600AE5A9F;
			productRefGroup = 655FC7A114145F3600AE5A9F /* Products */;
			projectDirPath = "";
			projectRoot = "";
			targets = (
				655FC79F14145F3600AE5A9F /* libastral */,
			);
		};
/* End PBXProject section */

/* Begin PBXSourcesBuildPhase section */
		655FC79C14145F3600AE5A9F /* Sources */ = {
			isa = PBXSourcesBuildPhase;
			buildActionMask = 2147483647;
			files = (
				655FC7C21414609200AE5A9F /* AdvancedHTMLPrintTour.cpp in Sources */,
				655FC7C31414609200AE5A9F /* Astral.cpp in Sources */,
				655FC7C41414609200AE5A9F /* AstralExport.cpp in Sources */,
				655FC7C51414609200AE5A9F /* CompilationUnit.cpp in Sources */,
				65941B98141480F80043B182 /* AstralFactory.cpp in Sources */,
				655AC8FE1416579200143208 /* SymbolDB.cpp in Sources */,
			);
			runOnlyForDeploymentPostprocessing = 0;
		};
/* End PBXSourcesBuildPhase section */

/* Begin XCBuildConfiguration section */
		655FC7A214145F3600AE5A9F /* Debug */ = {
			isa = XCBuildConfiguration;
			buildSettings = {
				ALWAYS_SEARCH_USER_PATHS = NO;
				ARCHS = "$(ARCHS_STANDARD_64_BIT)";
				COPY_PHASE_STRIP = NO;
				GCC_C_LANGUAGE_STANDARD = gnu99;
				GCC_DYNAMIC_NO_PIC = NO;
				GCC_ENABLE_OBJC_EXCEPTIONS = YES;
				GCC_OPTIMIZATION_LEVEL = 0;
				GCC_PREPROCESSOR_DEFINITIONS = (
					"DEBUG=1",
					"$(inherited)",
				);
				GCC_SYMBOLS_PRIVATE_EXTERN = NO;
				GCC_VERSION = com.apple.compilers.llvm.clang.1_0;
				GCC_WARN_64_TO_32_BIT_CONVERSION = YES;
				GCC_WARN_ABOUT_MISSING_PROTOTYPES = YES;
				GCC_WARN_ABOUT_RETURN_TYPE = YES;
				GCC_WARN_CHECK_SWITCH_STATEMENTS = NO;
				GCC_WARN_UNUSED_VARIABLE = YES;
				HEADER_SEARCH_PATHS = "../../../OpenXDS_Core/0.x/libopenxds_core_base/include\n../../../OpenXDS_Core/0.x/libopenxds_core_threads/include\n../../../OpenXDS_Core/0.x/libopenxds_core_adt/include\n../../../OpenXDS_Core/0.x/libopenxds_core_adt_std/include\n../../../OpenXDS_Core/0.x/libopenxds_core_io/include\n../../../OpenXDS/0.x/libopenxds_base/include\n../../../OpenXDS/0.x/libopenxds_adt/include\n../../../OpenXDS/0.x/libopenxds_adt_std/include\n../../../OpenXDS/0.x/libopenxds_security/include\n../../../OpenXDS/0.x/libopenxds_io/include\n../../../OpenXDS/0.x/libopenxds_util/include\n../../../Astral/0.x/libastral_tokenizer/include\n../../../Astral/0.x/libastral_ast/include\n../../../Astral/0.x/libastral/include";
				MACOSX_DEPLOYMENT_TARGET = 10.6;
				ONLY_ACTIVE_ARCH = YES;
				SDKROOT = macosx;
				USER_HEADER_SEARCH_PATHS = "source/include include";
				USE_HEADERMAP = NO;
			};
			name = Debug;
		};
		655FC7A314145F3600AE5A9F /* Release */ = {
			isa = XCBuildConfiguration;
			buildSettings = {
				ALWAYS_SEARCH_USER_PATHS = NO;
				ARCHS = "$(ARCHS_STANDARD_64_BIT)";
				COPY_PHASE_STRIP = YES;
				DEBUG_INFORMATION_FORMAT = "dwarf-with-dsym";
				GCC_C_LANGUAGE_STANDARD = gnu99;
				GCC_ENABLE_OBJC_EXCEPTIONS = YES;
				GCC_VERSION = com.apple.compilers.llvm.clang.1_0;
				GCC_WARN_64_TO_32_BIT_CONVERSION = YES;
				GCC_WARN_ABOUT_MISSING_PROTOTYPES = YES;
				GCC_WARN_ABOUT_RETURN_TYPE = YES;
				GCC_WARN_CHECK_SWITCH_STATEMENTS = NO;
				GCC_WARN_UNUSED_VARIABLE = YES;
				HEADER_SEARCH_PATHS = "../../../OpenXDS_Core/0.x/libopenxds_core_base/include\n../../../OpenXDS_Core/0.x/libopenxds_core_threads/include\n../../../OpenXDS_Core/0.x/libopenxds_core_adt/include\n../../../OpenXDS_Core/0.x/libopenxds_core_adt_std/include\n../../../OpenXDS_Core/0.x/libopenxds_core_io/include\n../../../OpenXDS/0.x/libopenxds_base/include\n../../../OpenXDS/0.x/libopenxds_adt/include\n../../../OpenXDS/0.x/libopenxds_adt_std/include\n../../../OpenXDS/0.x/libopenxds_security/include\n../../../OpenXDS/0.x/libopenxds_io/include\n../../../OpenXDS/0.x/libopenxds_util/include\n../../../Astral/0.x/libastral_tokenizer/include\n../../../Astral/0.x/libastral_ast/include\n../../../Astral/0.x/libastral/include";
				MACOSX_DEPLOYMENT_TARGET = 10.6;
				SDKROOT = macosx;
				USER_HEADER_SEARCH_PATHS = "source/include include";
				USE_HEADERMAP = NO;
			};
			name = Release;
		};
		655FC7A514145F3600AE5A9F /* Debug */ = {
			isa = XCBuildConfiguration;
			buildSettings = {
				EXECUTABLE_PREFIX = "";
				LIBRARY_SEARCH_PATHS = (
					"$(inherited)",
					"\"$(SRCROOT)/../../../../../../Library/Developer/Xcode/DerivedData/Astral-cghyibuacfpwrpculjufuenboasu/Build/Products/Debug\"",
				);
				PRODUCT_NAME = "$(TARGET_NAME)";
			};
			name = Debug;
		};
		655FC7A614145F3600AE5A9F /* Release */ = {
			isa = XCBuildConfiguration;
			buildSettings = {
				EXECUTABLE_PREFIX = "";
				LIBRARY_SEARCH_PATHS = (
					"$(inherited)",
					"\"$(SRCROOT)/../../../../../../Library/Developer/Xcode/DerivedData/Astral-cghyibuacfpwrpculjufuenboasu/Build/Products/Debug\"",
				);
				PRODUCT_NAME = "$(TARGET_NAME)";
			};
			name = Release;
		};
/* End XCBuildConfiguration section */

/* Begin XCConfigurationList section */
		655FC79A14145F3600AE5A9F /* Build configuration list for PBXProject "libastral" */ = {
			isa = XCConfigurationList;
			buildConfigurations = (
				655FC7A214145F3600AE5A9F /* Debug */,
				655FC7A314145F3600AE5A9F /* Release */,
			);
			defaultConfigurationIsVisible = 0;
			defaultConfigurationName = Release;
		};
		655FC7A414145F3600AE5A9F /* Build configuration list for PBXNativeTarget "libastral" */ = {
			isa = XCConfigurationList;
			buildConfigurations = (
				655FC7A514145F3600AE5A9F /* Debug */,
				655FC7A614145F3600AE5A9F /* Release */,
			);
			defaultConfigurationIsVisible = 0;
			defaultConfigurationName = Release;
		};
/* End XCConfigurationList section */
	};
	rootObject = 655FC79714145F3600AE5A9F /* Project object */;
}
